
Microsoft Visual Studio Solution File, Format Version 12.00
# Visual Studio Version 17
VisualStudioVersion = 17.10.34804.81
MinimumVisualStudioVersion = 10.0.40219.1
Project("{FAE04EC0-301F-11D3-BF4B-00C04F79EFBC}") = "Phoenix-911-Client", "Phoenix-911\Phoenix-911-Client.csproj", "{B12AE1C7-E656-4112-B5D4-17C8DF3A26B5}"
EndProject
Project("{FAE04EC0-301F-11D3-BF4B-00C04F79EFBC}") = "Phoenix-911-Server", "Phoenix-911-Server\Phoenix-911-Server.csproj", "{0174801D-89D5-49FF-9F4E-28602BA5CCFE}"
EndProject
Global
	GlobalSection(SolutionConfigurationPlatforms) = preSolution
		Debug|Any CPU = Debug|Any CPU
		Release|Any CPU = Release|Any CPU
	EndGlobalSection
	GlobalSection(ProjectConfigurationPlatforms) = postSolution
		{B12AE1C7-E656-4112-B5D4-17C8DF3A26B5}.Debug|Any CPU.ActiveCfg = Debug|Any CPU
		{B12AE1C7-E656-4112-B5D4-17C8DF3A26B5}.Debug|Any CPU.Build.0 = Debug|Any CPU
		{B12AE1C7-E656-4112-B5D4-17C8DF3A26B5}.Release|Any CPU.ActiveCfg = Release|Any CPU
		{B12AE1C7-E656-4112-B5D4-17C8DF3A26B5}.Release|Any CPU.Build.0 = Release|Any CPU
		{0174801D-89D5-49FF-9F4E-28602BA5CCFE}.Debug|Any CPU.ActiveCfg = Debug|Any CPU
		{0174801D-89D5-49FF-9F4E-28602BA5CCFE}.Debug|Any CPU.Build.0 = Debug|Any CPU
		{0174801D-89D5-49FF-9F4E-28602BA5CCFE}.Release|Any CPU.ActiveCfg = Release|Any CPU
		{0174801D-89D5-49FF-9F4E-28602BA5CCFE}.Release|Any CPU.Build.0 = Release|Any CPU
	EndGlobalSection
	GlobalSection(SolutionProperties) = preSolution
		HideSolutionNode = FALSE
	EndGlobalSection
	GlobalSection(ExtensibilityGlobals) = postSolution
		SolutionGuid = {2B9D363C-29B7-4D66-9B76-25937F462A80}
	EndGlobalSection
EndGlobal
